// !$*UTF8*$!
{
	archiveVersion = 1;
	classes = {
	};
	objectVersion = 50;
	objects = {

/* Begin PBXBuildFile section */
		ECBD694D2568D7D4000D5332 /* libassimp.5.0.0.dylib in Frameworks */ = {isa = PBXBuildFile; fileRef = ECCED71625670F31006BFB0D /* libassimp.5.0.0.dylib */; };
		ECCED71225670EC7006BFB0D /* OpenGL.framework in Frameworks */ = {isa = PBXBuildFile; fileRef = ECCED71125670EC7006BFB0D /* OpenGL.framework */; };
		ECCED71425670EF7006BFB0D /* libglfw.3.3.dylib in Frameworks */ = {isa = PBXBuildFile; fileRef = ECCED71325670EF7006BFB0D /* libglfw.3.3.dylib */; };
		ECCED71725670F31006BFB0D /* libassimp.5.0.0.dylib in Frameworks */ = {isa = PBXBuildFile; fileRef = ECCED71625670F31006BFB0D /* libassimp.5.0.0.dylib */; };
		ECCED71A25670F46006BFB0D /* GLUT.framework in Frameworks */ = {isa = PBXBuildFile; fileRef = ECCED71925670F46006BFB0D /* GLUT.framework */; };
		ECCED71F25671173006BFB0D /* glad.c in Sources */ = {isa = PBXBuildFile; fileRef = ECCED71E25671173006BFB0D /* glad.c */; };
		ECF94F71255F723D002A574F /* main.cpp in Sources */ = {isa = PBXBuildFile; fileRef = ECF94F70255F723D002A574F /* main.cpp */; };
/* End PBXBuildFile section */

/* Begin PBXCopyFilesBuildPhase section */
		ECF94F6B255F723D002A574F /* CopyFiles */ = {
			isa = PBXCopyFilesBuildPhase;
			buildActionMask = 2147483647;
			dstPath = /usr/share/man/man1/;
			dstSubfolderSpec = 0;
			files = (
			);
			runOnlyForDeploymentPostprocessing = 1;
		};
/* End PBXCopyFilesBuildPhase section */

/* Begin PBXFileReference section */
		EC81C71A25698FF8006ECBC6 /* light.fs */ = {isa = PBXFileReference; lastKnownFileType = sourcecode.glsl; path = light.fs; sourceTree = "<group>"; };
		EC81C71B25699009006ECBC6 /* light.vs */ = {isa = PBXFileReference; lastKnownFileType = sourcecode.glsl; path = light.vs; sourceTree = "<group>"; };
		ECBD69502568D88B000D5332 /* nanosuit.fs */ = {isa = PBXFileReference; lastKnownFileType = sourcecode.glsl; path = nanosuit.fs; sourceTree = "<group>"; };
		ECBD69512568D89F000D5332 /* nanosuit.vs */ = {isa = PBXFileReference; lastKnownFileType = sourcecode.glsl; path = nanosuit.vs; sourceTree = "<group>"; };
		ECCED71125670EC7006BFB0D /* OpenGL.framework */ = {isa = PBXFileReference; lastKnownFileType = wrapper.framework; name = OpenGL.framework; path = System/Library/Frameworks/OpenGL.framework; sourceTree = SDKROOT; };
		ECCED71325670EF7006BFB0D /* libglfw.3.3.dylib */ = {isa = PBXFileReference; lastKnownFileType = "compiled.mach-o.dylib"; name = libglfw.3.3.dylib; path = ../../../../../../usr/local/Cellar/glfw/3.3.2/lib/libglfw.3.3.dylib; sourceTree = "<group>"; };
		ECCED71625670F31006BFB0D /* libassimp.5.0.0.dylib */ = {isa = PBXFileReference; lastKnownFileType = "compiled.mach-o.dylib"; name = libassimp.5.0.0.dylib; path = ../../../../../../usr/local/Cellar/assimp/5.0.1/lib/libassimp.5.0.0.dylib; sourceTree = "<group>"; };
		ECCED71925670F46006BFB0D /* GLUT.framework */ = {isa = PBXFileReference; lastKnownFileType = wrapper.framework; name = GLUT.framework; path = System/Library/Frameworks/GLUT.framework; sourceTree = SDKROOT; };
		ECCED71E25671173006BFB0D /* glad.c */ = {isa = PBXFileReference; fileEncoding = 4; lastKnownFileType = sourcecode.c.c; path = glad.c; sourceTree = "<group>"; };
		ECCED727256717A7006BFB0D /* skybox.vs */ = {isa = PBXFileReference; fileEncoding = 4; lastKnownFileType = sourcecode.glsl; path = skybox.vs; sourceTree = "<group>"; };
		ECCED728256717A7006BFB0D /* skybox.fs */ = {isa = PBXFileReference; fileEncoding = 4; lastKnownFileType = sourcecode.glsl; path = skybox.fs; sourceTree = "<group>"; };
		ECCED72A25671879006BFB0D /* Resources */ = {isa = PBXFileReference; lastKnownFileType = folder; path = Resources; sourceTree = "<group>"; };
		ECCED72C256718B1006BFB0D /* filesystem.h */ = {isa = PBXFileReference; lastKnownFileType = sourcecode.c.h; path = filesystem.h; sourceTree = "<group>"; };
		ECF94F6D255F723D002A574F /* Skybox */ = {isa = PBXFileReference; explicitFileType = "compiled.mach-o.executable"; includeInIndex = 0; path = Skybox; sourceTree = BUILT_PRODUCTS_DIR; };
		ECF94F70255F723D002A574F /* main.cpp */ = {isa = PBXFileReference; lastKnownFileType = sourcecode.cpp.cpp; path = main.cpp; sourceTree = "<group>"; };
/* End PBXFileReference section */

/* Begin PBXFrameworksBuildPhase section */
		ECF94F6A255F723D002A574F /* Frameworks */ = {
			isa = PBXFrameworksBuildPhase;
			buildActionMask = 2147483647;
			files = (
				ECCED71A25670F46006BFB0D /* GLUT.framework in Frameworks */,
				ECCED71725670F31006BFB0D /* libassimp.5.0.0.dylib in Frameworks */,
				ECCED71425670EF7006BFB0D /* libglfw.3.3.dylib in Frameworks */,
				ECCED71225670EC7006BFB0D /* OpenGL.framework in Frameworks */,
				ECBD694D2568D7D4000D5332 /* libassimp.5.0.0.dylib in Frameworks */,
			);
			runOnlyForDeploymentPostprocessing = 0;
		};
/* End PBXFrameworksBuildPhase section */

/* Begin PBXGroup section */
		ECCED71025670EC7006BFB0D /* Frameworks */ = {
			isa = PBXGroup;
			children = (
				ECCED71925670F46006BFB0D /* GLUT.framework */,
				ECCED71625670F31006BFB0D /* libassimp.5.0.0.dylib */,
				ECCED71325670EF7006BFB0D /* libglfw.3.3.dylib */,
				ECCED71125670EC7006BFB0D /* OpenGL.framework */,
			);
			name = Frameworks;
			sourceTree = "<group>";
		};
		ECF94F64255F723D002A574F = {
			isa = PBXGroup;
			children = (
				ECF94F6F255F723D002A574F /* Skybox */,
				ECF94F6E255F723D002A574F /* Products */,
				ECCED71025670EC7006BFB0D /* Frameworks */,
			);
			sourceTree = "<group>";
		};
		ECF94F6E255F723D002A574F /* Products */ = {
			isa = PBXGroup;
			children = (
				ECF94F6D255F723D002A574F /* Skybox */,
			);
			name = Products;
			sourceTree = "<group>";
		};
		ECF94F6F255F723D002A574F /* Skybox */ = {
			isa = PBXGroup;
			children = (
				ECCED72A25671879006BFB0D /* Resources */,
				ECCED71E25671173006BFB0D /* glad.c */,
				ECCED72C256718B1006BFB0D /* filesystem.h */,
				ECF94F70255F723D002A574F /* main.cpp */,
				ECCED728256717A7006BFB0D /* skybox.fs */,
				ECCED727256717A7006BFB0D /* skybox.vs */,
				ECBD69502568D88B000D5332 /* nanosuit.fs */,
				ECBD69512568D89F000D5332 /* nanosuit.vs */,
				EC81C71A25698FF8006ECBC6 /* light.fs */,
				EC81C71B25699009006ECBC6 /* light.vs */,
			);
			path = Skybox;
			sourceTree = "<group>";
		};
/* End PBXGroup section */

/* Begin PBXNativeTarget section */
		ECF94F6C255F723D002A574F /* Skybox */ = {
			isa = PBXNativeTarget;
			buildConfigurationList = ECF94F74255F723D002A574F /* Build configuration list for PBXNativeTarget "Skybox" */;
			buildPhases = (
				ECF94F69255F723D002A574F /* Sources */,
				ECF94F6A255F723D002A574F /* Frameworks */,
				ECF94F6B255F723D002A574F /* CopyFiles */,
			);
			buildRules = (
			);
			dependencies = (
			);
			name = Skybox;
			productName = Skybox;
			productReference = ECF94F6D255F723D002A574F /* Skybox */;
			productType = "com.apple.product-type.tool";
		};
/* End PBXNativeTarget section */

/* Begin PBXProject section */
		ECF94F65255F723D002A574F /* Project object */ = {
			isa = PBXProject;
			attributes = {
				LastUpgradeCheck = 1220;
				TargetAttributes = {
					ECF94F6C255F723D002A574F = {
						CreatedOnToolsVersion = 12.2;
					};
				};
			};
			buildConfigurationList = ECF94F68255F723D002A574F /* Build configuration list for PBXProject "Skybox" */;
			compatibilityVersion = "Xcode 9.3";
			developmentRegion = en;
			hasScannedForEncodings = 0;
			knownRegions = (
				en,
				Base,
			);
			mainGroup = ECF94F64255F723D002A574F;
			productRefGroup = ECF94F6E255F723D002A574F /* Products */;
			projectDirPath = "";
			projectRoot = "";
			targets = (
				ECF94F6C255F723D002A574F /* Skybox */,
			);
		};
/* End PBXProject section */

/* Begin PBXSourcesBuildPhase section */
		ECF94F69255F723D002A574F /* Sources */ = {
			isa = PBXSourcesBuildPhase;
			buildActionMask = 2147483647;
			files = (
				ECF94F71255F723D002A574F /* main.cpp in Sources */,
				ECCED71F25671173006BFB0D /* glad.c in Sources */,
			);
			runOnlyForDeploymentPostprocessing = 0;
		};
/* End PBXSourcesBuildPhase section */

/* Begin XCBuildConfiguration section */
		ECF94F72255F723D002A574F /* Debug */ = {
			isa = XCBuildConfiguration;
			buildSettings = {
				ALWAYS_SEARCH_USER_PATHS = NO;
				CLANG_ANALYZER_NONNULL = YES;
				CLANG_ANALYZER_NUMBER_OBJECT_CONVERSION = YES_AGGRESSIVE;
				CLANG_CXX_LANGUAGE_STANDARD = "gnu++14";
				CLANG_CXX_LIBRARY = "libc++";
				CLANG_ENABLE_MODULES = YES;
				CLANG_ENABLE_OBJC_ARC = YES;
				CLANG_ENABLE_OBJC_WEAK = YES;
				CLANG_WARN_BLOCK_CAPTURE_AUTORELEASING = YES;
				CLANG_WARN_BOOL_CONVERSION = YES;
				CLANG_WARN_COMMA = YES;
				CLANG_WARN_CONSTANT_CONVERSION = YES;
				CLANG_WARN_DEPRECATED_OBJC_IMPLEMENTATIONS = YES;
				CLANG_WARN_DIRECT_OBJC_ISA_USAGE = YES_ERROR;
				CLANG_WARN_DOCUMENTATION_COMMENTS = NO;
				CLANG_WARN_EMPTY_BODY = YES;
				CLANG_WARN_ENUM_CONVERSION = YES;
				CLANG_WARN_INFINITE_RECURSION = YES;
				CLANG_WARN_INT_CONVERSION = YES;
				CLANG_WARN_NON_LITERAL_NULL_CONVERSION = YES;
				CLANG_WARN_OBJC_IMPLICIT_RETAIN_SELF = YES;
				CLANG_WARN_OBJC_LITERAL_CONVERSION = YES;
				CLANG_WARN_OBJC_ROOT_CLASS = YES_ERROR;
				CLANG_WARN_QUOTED_INCLUDE_IN_FRAMEWORK_HEADER = YES;
				CLANG_WARN_RANGE_LOOP_ANALYSIS = YES;
				CLANG_WARN_STRICT_PROTOTYPES = YES;
				CLANG_WARN_SUSPICIOUS_MOVE = YES;
				CLANG_WARN_UNGUARDED_AVAILABILITY = YES_AGGRESSIVE;
				CLANG_WARN_UNREACHABLE_CODE = YES;
				CLANG_WARN__DUPLICATE_METHOD_MATCH = YES;
				COPY_PHASE_STRIP = NO;
				DEBUG_INFORMATION_FORMAT = dwarf;
				ENABLE_STRICT_OBJC_MSGSEND = YES;
				ENABLE_TESTABILITY = YES;
				GCC_C_LANGUAGE_STANDARD = gnu11;
				GCC_DYNAMIC_NO_PIC = NO;
				GCC_NO_COMMON_BLOCKS = YES;
				GCC_OPTIMIZATION_LEVEL = 0;
				GCC_PREPROCESSOR_DEFINITIONS = (
					"DEBUG=1",
					"$(inherited)",
				);
				GCC_WARN_64_TO_32_BIT_CONVERSION = YES;
				GCC_WARN_ABOUT_RETURN_TYPE = YES_ERROR;
				GCC_WARN_UNDECLARED_SELECTOR = YES;
				GCC_WARN_UNINITIALIZED_AUTOS = YES_AGGRESSIVE;
				GCC_WARN_UNUSED_FUNCTION = YES;
				GCC_WARN_UNUSED_VARIABLE = YES;
				HEADER_SEARCH_PATHS = /usr/local/include;
				MACOSX_DEPLOYMENT_TARGET = 10.15;
				MTL_ENABLE_DEBUG_INFO = INCLUDE_SOURCE;
				MTL_FAST_MATH = YES;
				ONLY_ACTIVE_ARCH = YES;
				SDKROOT = macosx;
			};
			name = Debug;
		};
		ECF94F73255F723D002A574F /* Release */ = {
			isa = XCBuildConfiguration;
			buildSettings = {
				ALWAYS_SEARCH_USER_PATHS = NO;
				CLANG_ANALYZER_NONNULL = YES;
				CLANG_ANALYZER_NUMBER_OBJECT_CONVERSION = YES_AGGRESSIVE;
				CLANG_CXX_LANGUAGE_STANDARD = "gnu++14";
				CLANG_CXX_LIBRARY = "libc++";
				CLANG_ENABLE_MODULES = YES;
				CLANG_ENABLE_OBJC_ARC = YES;
				CLANG_ENABLE_OBJC_WEAK = YES;
				CLANG_WARN_BLOCK_CAPTURE_AUTORELEASING = YES;
				CLANG_WARN_BOOL_CONVERSION = YES;
				CLANG_WARN_COMMA = YES;
				CLANG_WARN_CONSTANT_CONVERSION = YES;
				CLANG_WARN_DEPRECATED_OBJC_IMPLEMENTATIONS = YES;
				CLANG_WARN_DIRECT_OBJC_ISA_USAGE = YES_ERROR;
				CLANG_WARN_DOCUMENTATION_COMMENTS = NO;
				CLANG_WARN_EMPTY_BODY = YES;
				CLANG_WARN_ENUM_CONVERSION = YES;
				CLANG_WARN_INFINITE_RECURSION = YES;
				CLANG_WARN_INT_CONVERSION = YES;
				CLANG_WARN_NON_LITERAL_NULL_CONVERSION = YES;
				CLANG_WARN_OBJC_IMPLICIT_RETAIN_SELF = YES;
				CLANG_WARN_OBJC_LITERAL_CONVERSION = YES;
				CLANG_WARN_OBJC_ROOT_CLASS = YES_ERROR;
				CLANG_WARN_QUOTED_INCLUDE_IN_FRAMEWORK_HEADER = YES;
				CLANG_WARN_RANGE_LOOP_ANALYSIS = YES;
				CLANG_WARN_STRICT_PROTOTYPES = YES;
				CLANG_WARN_SUSPICIOUS_MOVE = YES;
				CLANG_WARN_UNGUARDED_AVAILABILITY = YES_AGGRESSIVE;
				CLANG_WARN_UNREACHABLE_CODE = YES;
				CLANG_WARN__DUPLICATE_METHOD_MATCH = YES;
				COPY_PHASE_STRIP = NO;
				DEBUG_INFORMATION_FORMAT = "dwarf-with-dsym";
				ENABLE_NS_ASSERTIONS = NO;
				ENABLE_STRICT_OBJC_MSGSEND = YES;
				GCC_C_LANGUAGE_STANDARD = gnu11;
				GCC_NO_COMMON_BLOCKS = YES;
				GCC_WARN_64_TO_32_BIT_CONVERSION = YES;
				GCC_WARN_ABOUT_RETURN_TYPE = YES_ERROR;
				GCC_WARN_UNDECLARED_SELECTOR = YES;
				GCC_WARN_UNINITIALIZED_AUTOS = YES_AGGRESSIVE;
				GCC_WARN_UNUSED_FUNCTION = YES;
				GCC_WARN_UNUSED_VARIABLE = YES;
				HEADER_SEARCH_PATHS = /usr/local/include;
				MACOSX_DEPLOYMENT_TARGET = 10.15;
				MTL_ENABLE_DEBUG_INFO = NO;
				MTL_FAST_MATH = YES;
				SDKROOT = macosx;
			};
			name = Release;
		};
		ECF94F75255F723D002A574F /* Debug */ = {
			isa = XCBuildConfiguration;
			buildSettings = {
				CODE_SIGN_STYLE = Automatic;
				LIBRARY_SEARCH_PATHS = (
					"$(inherited)",
					/usr/local/Cellar/glfw/3.3.2/lib,
					/usr/local/Cellar/assimp/5.0.1/lib,
				);
				PRODUCT_NAME = "$(TARGET_NAME)";
				VALIDATE_WORKSPACE_SKIPPED_SDK_FRAMEWORKS = OpenGL;
			};
			name = Debug;
		};
		ECF94F76255F723D002A574F /* Release */ = {
			isa = XCBuildConfiguration;
			buildSettings = {
				CODE_SIGN_STYLE = Automatic;
				LIBRARY_SEARCH_PATHS = (
					"$(inherited)",
					/usr/local/Cellar/glfw/3.3.2/lib,
					/usr/local/Cellar/assimp/5.0.1/lib,
				);
				PRODUCT_NAME = "$(TARGET_NAME)";
				VALIDATE_WORKSPACE_SKIPPED_SDK_FRAMEWORKS = OpenGL;
			};
			name = Release;
		};
/* End XCBuildConfiguration section */

/* Begin XCConfigurationList section */
		ECF94F68255F723D002A574F /* Build configuration list for PBXProject "Skybox" */ = {
			isa = XCConfigurationList;
			buildConfigurations = (
				ECF94F72255F723D002A574F /* Debug */,
				ECF94F73255F723D002A574F /* Release */,
			);
			defaultConfigurationIsVisible = 0;
			defaultConfigurationName = Release;
		};
		ECF94F74255F723D002A574F /* Build configuration list for PBXNativeTarget "Skybox" */ = {
			isa = XCConfigurationList;
			buildConfigurations = (
				ECF94F75255F723D002A574F /* Debug */,
				ECF94F76255F723D002A574F /* Release */,
			);
			defaultConfigurationIsVisible = 0;
			defaultConfigurationName = Release;
		};
/* End XCConfigurationList section */
	};
	rootObject = ECF94F65255F723D002A574F /* Project object */;
}
